// !$*UTF8*$!
{
	archiveVersion = 1;
	classes = {
	};
	objectVersion = 56;
	objects = {

/* Begin PBXBuildFile section */
		8D05B6112F71FF1800950AF3 /* PopularViewController.swift in Sources */ = {isa = PBXBuildFile; fileRef = 8D05B6102F71FF1800950AF3 /* PopularViewController.swift */; };
		8D22D8E62F7345E7009C0221 /* UIView+Layout.swift in Sources */ = {isa = PBXBuildFile; fileRef = 8D22D8E52F7345E7009C0221 /* UIView+Layout.swift */; };
		8D22D8EB2F7359B4009C0221 /* PopularCollectionViewCell.swift in Sources */ = {isa = PBXBuildFile; fileRef = 8D22D8E92F7359B4009C0221 /* PopularCollectionViewCell.swift */; };
		8D22D8EC2F7359B4009C0221 /* PopularCollectionViewCell.xib in Resources */ = {isa = PBXBuildFile; fileRef = 8D22D8EA2F7359B4009C0221 /* PopularCollectionViewCell.xib */; };
		8D97B1722F773B0D00DB8D2C /* Popular.swift in Sources */ = {isa = PBXBuildFile; fileRef = 8D97B1712F773B0D00DB8D2C /* Popular.swift */; };
		8D97B1762F7742E100DB8D2C /* PopularManager.swift in Sources */ = {isa = PBXBuildFile; fileRef = 8D97B1752F7742E100DB8D2C /* PopularManager.swift */; };
		8DC148062F64CB7D003FB887 /* AppDelegate.swift in Sources */ = {isa = PBXBuildFile; fileRef = 8DC148052F64CB7D003FB887 /* AppDelegate.swift */; };
		8DC148082F64CB7D003FB887 /* SceneDelegate.swift in Sources */ = {isa = PBXBuildFile; fileRef = 8DC148072F64CB7D003FB887 /* SceneDelegate.swift */; };
		8DC1480A2F64CB7D003FB887 /* ViewController.swift in Sources */ = {isa = PBXBuildFile; fileRef = 8DC148092F64CB7D003FB887 /* ViewController.swift */; };
		8DC1480D2F64CB7D003FB887 /* Main.storyboard in Resources */ = {isa = PBXBuildFile; fileRef = 8DC1480B2F64CB7D003FB887 /* Main.storyboard */; };
		8DC1480F2F64CB7F003FB887 /* Assets.xcassets in Resources */ = {isa = PBXBuildFile; fileRef = 8DC1480E2F64CB7F003FB887 /* Assets.xcassets */; };
		8DC148122F64CB7F003FB887 /* LaunchScreen.storyboard in Resources */ = {isa = PBXBuildFile; fileRef = 8DC148102F64CB7F003FB887 /* LaunchScreen.storyboard */; };
		8DC1481B2F64CE7F003FB887 /* Kingfisher in Frameworks */ = {isa = PBXBuildFile; productRef = 8DC1481A2F64CE7F003FB887 /* Kingfisher */; };
		8DC1481E2F64CEE1003FB887 /* YouTubeiOSPlayerHelper in Frameworks */ = {isa = PBXBuildFile; productRef = 8DC1481D2F64CEE1003FB887 /* YouTubeiOSPlayerHelper */; };
		8DC148232F64D8DB003FB887 /* BaseListCollectionViewController.swift in Sources */ = {isa = PBXBuildFile; fileRef = 8DC148222F64D8DB003FB887 /* BaseListCollectionViewController.swift */; };
		8DC148252F64D96C003FB887 /* BaseTabBarViewController.swift in Sources */ = {isa = PBXBuildFile; fileRef = 8DC148242F64D96C003FB887 /* BaseTabBarViewController.swift */; };
/* End PBXBuildFile section */

/* Begin PBXFileReference section */
		8D05B6102F71FF1800950AF3 /* PopularViewController.swift */ = {isa = PBXFileReference; lastKnownFileType = sourcecode.swift; path = PopularViewController.swift; sourceTree = "<group>"; };
		8D22D8E52F7345E7009C0221 /* UIView+Layout.swift */ = {isa = PBXFileReference; lastKnownFileType = sourcecode.swift; path = "UIView+Layout.swift"; sourceTree = "<group>"; };
		8D22D8E92F7359B4009C0221 /* PopularCollectionViewCell.swift */ = {isa = PBXFileReference; lastKnownFileType = sourcecode.swift; path = PopularCollectionViewCell.swift; sourceTree = "<group>"; };
		8D22D8EA2F7359B4009C0221 /* PopularCollectionViewCell.xib */ = {isa = PBXFileReference; lastKnownFileType = file.xib; path = PopularCollectionViewCell.xib; sourceTree = "<group>"; };
		8D97B1712F773B0D00DB8D2C /* Popular.swift */ = {isa = PBXFileReference; lastKnownFileType = sourcecode.swift; path = Popular.swift; sourceTree = "<group>"; };
		8D97B1752F7742E100DB8D2C /* PopularManager.swift */ = {isa = PBXFileReference; lastKnownFileType = sourcecode.swift; path = PopularManager.swift; sourceTree = "<group>"; };
		8DC148022F64CB7D003FB887 /* MobileAppSwitfOnline.app */ = {isa = PBXFileReference; explicitFileType = wrapper.application; includeInIndex = 0; path = MobileAppSwitfOnline.app; sourceTree = BUILT_PRODUCTS_DIR; };
		8DC148052F64CB7D003FB887 /* AppDelegate.swift */ = {isa = PBXFileReference; lastKnownFileType = sourcecode.swift; path = AppDelegate.swift; sourceTree = "<group>"; };
		8DC148072F64CB7D003FB887 /* SceneDelegate.swift */ = {isa = PBXFileReference; lastKnownFileType = sourcecode.swift; path = SceneDelegate.swift; sourceTree = "<group>"; };
		8DC148092F64CB7D003FB887 /* ViewController.swift */ = {isa = PBXFileReference; lastKnownFileType = sourcecode.swift; path = ViewController.swift; sourceTree = "<group>"; };
		8DC1480C2F64CB7D003FB887 /* Base */ = {isa = PBXFileReference; lastKnownFileType = file.storyboard; name = Base; path = Base.lproj/Main.storyboard; sourceTree = "<group>"; };
		8DC1480E2F64CB7F003FB887 /* Assets.xcassets */ = {isa = PBXFileReference; lastKnownFileType = folder.assetcatalog; path = Assets.xcassets; sourceTree = "<group>"; };
		8DC148112F64CB7F003FB887 /* Base */ = {isa = PBXFileReference; lastKnownFileType = file.storyboard; name = Base; path = Base.lproj/LaunchScreen.storyboard; sourceTree = "<group>"; };
		8DC148132F64CB7F003FB887 /* Info.plist */ = {isa = PBXFileReference; lastKnownFileType = text.plist.xml; path = Info.plist; sourceTree = "<group>"; };
		8DC148222F64D8DB003FB887 /* BaseListCollectionViewController.swift */ = {isa = PBXFileReference; lastKnownFileType = sourcecode.swift; path = BaseListCollectionViewController.swift; sourceTree = "<group>"; };
		8DC148242F64D96C003FB887 /* BaseTabBarViewController.swift */ = {isa = PBXFileReference; lastKnownFileType = sourcecode.swift; path = BaseTabBarViewController.swift; sourceTree = "<group>"; };
/* End PBXFileReference section */

/* Begin PBXFrameworksBuildPhase section */
		8DC147FF2F64CB7D003FB887 /* Frameworks */ = {
			isa = PBXFrameworksBuildPhase;
			buildActionMask = 2147483647;
			files = (
				8DC1481B2F64CE7F003FB887 /* Kingfisher in Frameworks */,
				8DC1481E2F64CEE1003FB887 /* YouTubeiOSPlayerHelper in Frameworks */,
			);
			runOnlyForDeploymentPostprocessing = 0;
		};
/* End PBXFrameworksBuildPhase section */

/* Begin PBXGroup section */
		8D05B60D2F71FE8200950AF3 /* Popular */ = {
			isa = PBXGroup;
			children = (
				8D05B6102F71FF1800950AF3 /* PopularViewController.swift */,
			);
			name = Popular;
			path = "New Group";
			sourceTree = "<group>";
		};
		8D22D8E12F73241D009C0221 /* PopularView */ = {
			isa = PBXGroup;
			children = (
				8D22D8E92F7359B4009C0221 /* PopularCollectionViewCell.swift */,
				8D22D8EA2F7359B4009C0221 /* PopularCollectionViewCell.xib */,
			);
			path = PopularView;
			sourceTree = "<group>";
		};
		8D22D8E42F7345C8009C0221 /* Helpers */ = {
			isa = PBXGroup;
			children = (
				8D22D8E52F7345E7009C0221 /* UIView+Layout.swift */,
			);
			path = Helpers;
			sourceTree = "<group>";
		};
		8D97B1702F773AEC00DB8D2C /* Popular */ = {
			isa = PBXGroup;
			children = (
				8D97B1712F773B0D00DB8D2C /* Popular.swift */,
			);
			path = Popular;
			sourceTree = "<group>";
		};
		8D97B1732F7742B700DB8D2C /* Managers */ = {
			isa = PBXGroup;
			children = (
				8D97B1742F7742CF00DB8D2C /* Popular */,
			);
			path = Managers;
			sourceTree = "<group>";
		};
		8D97B1742F7742CF00DB8D2C /* Popular */ = {
			isa = PBXGroup;
			children = (
				8D97B1752F7742E100DB8D2C /* PopularManager.swift */,
			);
			path = Popular;
			sourceTree = "<group>";
		};
		8DC147F92F64CB7D003FB887 = {
			isa = PBXGroup;
			children = (
				8DC148042F64CB7D003FB887 /* MobileAppSwitfOnline */,
				8DC148032F64CB7D003FB887 /* Products */,
			);
			sourceTree = "<group>";
		};
		8DC148032F64CB7D003FB887 /* Products */ = {
			isa = PBXGroup;
			children = (
				8DC148022F64CB7D003FB887 /* MobileAppSwitfOnline.app */,
			);
			name = Products;
			sourceTree = "<group>";
		};
		8DC148042F64CB7D003FB887 /* MobileAppSwitfOnline */ = {
			isa = PBXGroup;
			children = (
				8D97B1732F7742B700DB8D2C /* Managers */,
				8D22D8E42F7345C8009C0221 /* Helpers */,
				8DC148212F64D2E1003FB887 /* Controller */,
				8DC148202F64D2DD003FB887 /* View */,
				8DC1481F2F64D2D8003FB887 /* Model */,
				8DC148052F64CB7D003FB887 /* AppDelegate.swift */,
				8DC148072F64CB7D003FB887 /* SceneDelegate.swift */,
				8DC148092F64CB7D003FB887 /* ViewController.swift */,
				8DC1480B2F64CB7D003FB887 /* Main.storyboard */,
				8DC1480E2F64CB7F003FB887 /* Assets.xcassets */,
				8DC148102F64CB7F003FB887 /* LaunchScreen.storyboard */,
				8DC148132F64CB7F003FB887 /* Info.plist */,
			);
			path = MobileAppSwitfOnline;
			sourceTree = "<group>";
		};
		8DC1481F2F64D2D8003FB887 /* Model */ = {
			isa = PBXGroup;
			children = (
				8D97B1702F773AEC00DB8D2C /* Popular */,
			);
			path = Model;
			sourceTree = "<group>";
		};
		8DC148202F64D2DD003FB887 /* View */ = {
			isa = PBXGroup;
			children = (
				8D22D8E12F73241D009C0221 /* PopularView */,
			);
			path = View;
			sourceTree = "<group>";
		};
		8DC148212F64D2E1003FB887 /* Controller */ = {
			isa = PBXGroup;
			children = (
				8D05B60D2F71FE8200950AF3 /* Popular */,
				8DC148222F64D8DB003FB887 /* BaseListCollectionViewController.swift */,
				8DC148242F64D96C003FB887 /* BaseTabBarViewController.swift */,
			);
			path = Controller;
			sourceTree = "<group>";
		};
/* End PBXGroup section */

/* Begin PBXNativeTarget section */
		8DC148012F64CB7D003FB887 /* MobileAppSwitfOnline */ = {
			isa = PBXNativeTarget;
			buildConfigurationList = 8DC148162F64CB7F003FB887 /* Build configuration list for PBXNativeTarget "MobileAppSwitfOnline" */;
			buildPhases = (
				8DC147FE2F64CB7D003FB887 /* Sources */,
				8DC147FF2F64CB7D003FB887 /* Frameworks */,
				8DC148002F64CB7D003FB887 /* Resources */,
			);
			buildRules = (
			);
			dependencies = (
			);
			name = MobileAppSwitfOnline;
			packageProductDependencies = (
				8DC1481A2F64CE7F003FB887 /* Kingfisher */,
				8DC1481D2F64CEE1003FB887 /* YouTubeiOSPlayerHelper */,
			);
			productName = MobileAppSwitfOnline;
			productReference = 8DC148022F64CB7D003FB887 /* MobileAppSwitfOnline.app */;
			productType = "com.apple.product-type.application";
		};
/* End PBXNativeTarget section */

/* Begin PBXProject section */
		8DC147FA2F64CB7D003FB887 /* Project object */ = {
			isa = PBXProject;
			attributes = {
				BuildIndependentTargetsInParallel = 1;
				LastSwiftUpdateCheck = 1420;
				LastUpgradeCheck = 1420;
				TargetAttributes = {
					8DC148012F64CB7D003FB887 = {
						CreatedOnToolsVersion = 14.2;
					};
				};
			};
			buildConfigurationList = 8DC147FD2F64CB7D003FB887 /* Build configuration list for PBXProject "MobileAppSwitfOnline" */;
			compatibilityVersion = "Xcode 14.0";
			developmentRegion = en;
			hasScannedForEncodings = 0;
			knownRegions = (
				en,
				Base,
			);
			mainGroup = 8DC147F92F64CB7D003FB887;
			packageReferences = (
				8DC148192F64CE7F003FB887 /* XCRemoteSwiftPackageReference "Kingfisher" */,
				8DC1481C2F64CEE1003FB887 /* XCRemoteSwiftPackageReference "youtube-ios-player-helper" */,
			);
			productRefGroup = 8DC148032F64CB7D003FB887 /* Products */;
			projectDirPath = "";
			projectRoot = "";
			targets = (
				8DC148012F64CB7D003FB887 /* MobileAppSwitfOnline */,
			);
		};
/* End PBXProject section */

/* Begin PBXResourcesBuildPhase section */
		8DC148002F64CB7D003FB887 /* Resources */ = {
			isa = PBXResourcesBuildPhase;
			buildActionMask = 2147483647;
			files = (
				8D22D8EC2F7359B4009C0221 /* PopularCollectionViewCell.xib in Resources */,
				8DC148122F64CB7F003FB887 /* LaunchScreen.storyboard in Resources */,
				8DC1480F2F64CB7F003FB887 /* Assets.xcassets in Resources */,
				8DC1480D2F64CB7D003FB887 /* Main.storyboard in Resources */,
			);
			runOnlyForDeploymentPostprocessing = 0;
		};
/* End PBXResourcesBuildPhase section */

/* Begin PBXSourcesBuildPhase section */
		8DC147FE2F64CB7D003FB887 /* Sources */ = {
			isa = PBXSourcesBuildPhase;
			buildActionMask = 2147483647;
			files = (
				8D22D8E62F7345E7009C0221 /* UIView+Layout.swift in Sources */,
				8D05B6112F71FF1800950AF3 /* PopularViewController.swift in Sources */,
				8DC1480A2F64CB7D003FB887 /* ViewController.swift in Sources */,
				8DC148062F64CB7D003FB887 /* AppDelegate.swift in Sources */,
				8D22D8EB2F7359B4009C0221 /* PopularCollectionViewCell.swift in Sources */,
				8D97B1762F7742E100DB8D2C /* PopularManager.swift in Sources */,
				8D97B1722F773B0D00DB8D2C /* Popular.swift in Sources */,
				8DC148082F64CB7D003FB887 /* SceneDelegate.swift in Sources */,
				8DC148252F64D96C003FB887 /* BaseTabBarViewController.swift in Sources */,
				8DC148232F64D8DB003FB887 /* BaseListCollectionViewController.swift in Sources */,
			);
			runOnlyForDeploymentPostprocessing = 0;
		};
/* End PBXSourcesBuildPhase section */

/* Begin PBXVariantGroup section */
		8DC1480B2F64CB7D003FB887 /* Main.storyboard */ = {
			isa = PBXVariantGroup;
			children = (
				8DC1480C2F64CB7D003FB887 /* Base */,
			);
			name = Main.storyboard;
			sourceTree = "<group>";
		};
		8DC148102F64CB7F003FB887 /* LaunchScreen.storyboard */ = {
			isa = PBXVariantGroup;
			children = (
				8DC148112F64CB7F003FB887 /* Base */,
			);
			name = LaunchScreen.storyboard;
			sourceTree = "<group>";
		};
/* End PBXVariantGroup section */

/* Begin XCBuildConfiguration section */
		8DC148142F64CB7F003FB887 /* Debug */ = {
			isa = XCBuildConfiguration;
			buildSettings = {
				ALWAYS_SEARCH_USER_PATHS = NO;
				CLANG_ANALYZER_NONNULL = YES;
				CLANG_ANALYZER_NUMBER_OBJECT_CONVERSION = YES_AGGRESSIVE;
				CLANG_CXX_LANGUAGE_STANDARD = "gnu++20";
				CLANG_ENABLE_MODULES = YES;
				CLANG_ENABLE_OBJC_ARC = YES;
				CLANG_ENABLE_OBJC_WEAK = YES;
				CLANG_WARN_BLOCK_CAPTURE_AUTORELEASING = YES;
				CLANG_WARN_BOOL_CONVERSION = YES;
				CLANG_WARN_COMMA = YES;
				CLANG_WARN_CONSTANT_CONVERSION = YES;
				CLANG_WARN_DEPRECATED_OBJC_IMPLEMENTATIONS = YES;
				CLANG_WARN_DIRECT_OBJC_ISA_USAGE = YES_ERROR;
				CLANG_WARN_DOCUMENTATION_COMMENTS = YES;
				CLANG_WARN_EMPTY_BODY = YES;
				CLANG_WARN_ENUM_CONVERSION = YES;
				CLANG_WARN_INFINITE_RECURSION = YES;
				CLANG_WARN_INT_CONVERSION = YES;
				CLANG_WARN_NON_LITERAL_NULL_CONVERSION = YES;
				CLANG_WARN_OBJC_IMPLICIT_RETAIN_SELF = YES;
				CLANG_WARN_OBJC_LITERAL_CONVERSION = YES;
				CLANG_WARN_OBJC_ROOT_CLASS = YES_ERROR;
				CLANG_WARN_QUOTED_INCLUDE_IN_FRAMEWORK_HEADER = YES;
				CLANG_WARN_RANGE_LOOP_ANALYSIS = YES;
				CLANG_WARN_STRICT_PROTOTYPES = YES;
				CLANG_WARN_SUSPICIOUS_MOVE = YES;
				CLANG_WARN_UNGUARDED_AVAILABILITY = YES_AGGRESSIVE;
				CLANG_WARN_UNREACHABLE_CODE = YES;
				CLANG_WARN__DUPLICATE_METHOD_MATCH = YES;
				COPY_PHASE_STRIP = NO;
				DEBUG_INFORMATION_FORMAT = dwarf;
				ENABLE_STRICT_OBJC_MSGSEND = YES;
				ENABLE_TESTABILITY = YES;
				GCC_C_LANGUAGE_STANDARD = gnu11;
				GCC_DYNAMIC_NO_PIC = NO;
				GCC_NO_COMMON_BLOCKS = YES;
				GCC_OPTIMIZATION_LEVEL = 0;
				GCC_PREPROCESSOR_DEFINITIONS = (
					"DEBUG=1",
					"$(inherited)",
				);
				GCC_WARN_64_TO_32_BIT_CONVERSION = YES;
				GCC_WARN_ABOUT_RETURN_TYPE = YES_ERROR;
				GCC_WARN_UNDECLARED_SELECTOR = YES;
				GCC_WARN_UNINITIALIZED_AUTOS = YES_AGGRESSIVE;
				GCC_WARN_UNUSED_FUNCTION = YES;
				GCC_WARN_UNUSED_VARIABLE = YES;
				IPHONEOS_DEPLOYMENT_TARGET = 16.2;
				MTL_ENABLE_DEBUG_INFO = INCLUDE_SOURCE;
				MTL_FAST_MATH = YES;
				ONLY_ACTIVE_ARCH = YES;
				SDKROOT = iphoneos;
				SWIFT_ACTIVE_COMPILATION_CONDITIONS = DEBUG;
				SWIFT_OPTIMIZATION_LEVEL = "-Onone";
			};
			name = Debug;
		};
		8DC148152F64CB7F003FB887 /* Release */ = {
			isa = XCBuildConfiguration;
			buildSettings = {
				ALWAYS_SEARCH_USER_PATHS = NO;
				CLANG_ANALYZER_NONNULL = YES;
				CLANG_ANALYZER_NUMBER_OBJECT_CONVERSION = YES_AGGRESSIVE;
				CLANG_CXX_LANGUAGE_STANDARD = "gnu++20";
				CLANG_ENABLE_MODULES = YES;
				CLANG_ENABLE_OBJC_ARC = YES;
				CLANG_ENABLE_OBJC_WEAK = YES;
				CLANG_WARN_BLOCK_CAPTURE_AUTORELEASING = YES;
				CLANG_WARN_BOOL_CONVERSION = YES;
				CLANG_WARN_COMMA = YES;
				CLANG_WARN_CONSTANT_CONVERSION = YES;
				CLANG_WARN_DEPRECATED_OBJC_IMPLEMENTATIONS = YES;
				CLANG_WARN_DIRECT_OBJC_ISA_USAGE = YES_ERROR;
				CLANG_WARN_DOCUMENTATION_COMMENTS = YES;
				CLANG_WARN_EMPTY_BODY = YES;
				CLANG_WARN_ENUM_CONVERSION = YES;
				CLANG_WARN_INFINITE_RECURSION = YES;
				CLANG_WARN_INT_CONVERSION = YES;
				CLANG_WARN_NON_LITERAL_NULL_CONVERSION = YES;
				CLANG_WARN_OBJC_IMPLICIT_RETAIN_SELF = YES;
				CLANG_WARN_OBJC_LITERAL_CONVERSION = YES;
				CLANG_WARN_OBJC_ROOT_CLASS = YES_ERROR;
				CLANG_WARN_QUOTED_INCLUDE_IN_FRAMEWORK_HEADER = YES;
				CLANG_WARN_RANGE_LOOP_ANALYSIS = YES;
				CLANG_WARN_STRICT_PROTOTYPES = YES;
				CLANG_WARN_SUSPICIOUS_MOVE = YES;
				CLANG_WARN_UNGUARDED_AVAILABILITY = YES_AGGRESSIVE;
				CLANG_WARN_UNREACHABLE_CODE = YES;
				CLANG_WARN__DUPLICATE_METHOD_MATCH = YES;
				COPY_PHASE_STRIP = NO;
				DEBUG_INFORMATION_FORMAT = "dwarf-with-dsym";
				ENABLE_NS_ASSERTIONS = NO;
				ENABLE_STRICT_OBJC_MSGSEND = YES;
				GCC_C_LANGUAGE_STANDARD = gnu11;
				GCC_NO_COMMON_BLOCKS = YES;
				GCC_WARN_64_TO_32_BIT_CONVERSION = YES;
				GCC_WARN_ABOUT_RETURN_TYPE = YES_ERROR;
				GCC_WARN_UNDECLARED_SELECTOR = YES;
				GCC_WARN_UNINITIALIZED_AUTOS = YES_AGGRESSIVE;
				GCC_WARN_UNUSED_FUNCTION = YES;
				GCC_WARN_UNUSED_VARIABLE = YES;
				IPHONEOS_DEPLOYMENT_TARGET = 16.2;
				MTL_ENABLE_DEBUG_INFO = NO;
				MTL_FAST_MATH = YES;
				SDKROOT = iphoneos;
				SWIFT_COMPILATION_MODE = wholemodule;
				SWIFT_OPTIMIZATION_LEVEL = "-O";
				VALIDATE_PRODUCT = YES;
			};
			name = Release;
		};
		8DC148172F64CB7F003FB887 /* Debug */ = {
			isa = XCBuildConfiguration;
			buildSettings = {
				ASSETCATALOG_COMPILER_APPICON_NAME = AppIcon;
				ASSETCATALOG_COMPILER_GLOBAL_ACCENT_COLOR_NAME = AccentColor;
				CODE_SIGN_STYLE = Automatic;
				CURRENT_PROJECT_VERSION = 1;
				DEVELOPMENT_TEAM = S52ZRS44GD;
				GENERATE_INFOPLIST_FILE = YES;
				INFOPLIST_FILE = MobileAppSwitfOnline/Info.plist;
				INFOPLIST_KEY_UIApplicationSupportsIndirectInputEvents = YES;
				INFOPLIST_KEY_UILaunchStoryboardName = LaunchScreen;
				INFOPLIST_KEY_UIMainStoryboardFile = Main;
				INFOPLIST_KEY_UISupportedInterfaceOrientations_iPad = "UIInterfaceOrientationPortrait UIInterfaceOrientationPortraitUpsideDown UIInterfaceOrientationLandscapeLeft UIInterfaceOrientationLandscapeRight";
				INFOPLIST_KEY_UISupportedInterfaceOrientations_iPhone = "UIInterfaceOrientationPortrait UIInterfaceOrientationLandscapeLeft UIInterfaceOrientationLandscapeRight";
				LD_RUNPATH_SEARCH_PATHS = (
					"$(inherited)",
					"@executable_path/Frameworks",
				);
				MARKETING_VERSION = 1.0;
				PRODUCT_BUNDLE_IDENTIFIER = com.daniel.MobileAppSwitfOnline;
				PRODUCT_NAME = "$(TARGET_NAME)";
				SWIFT_EMIT_LOC_STRINGS = YES;
				SWIFT_VERSION = 5.0;
				TARGETED_DEVICE_FAMILY = "1,2";
			};
			name = Debug;
		};
		8DC148182F64CB7F003FB887 /* Release */ = {
			isa = XCBuildConfiguration;
			buildSettings = {
				ASSETCATALOG_COMPILER_APPICON_NAME = AppIcon;
				ASSETCATALOG_COMPILER_GLOBAL_ACCENT_COLOR_NAME = AccentColor;
				CODE_SIGN_STYLE = Automatic;
				CURRENT_PROJECT_VERSION = 1;
				DEVELOPMENT_TEAM = S52ZRS44GD;
				GENERATE_INFOPLIST_FILE = YES;
				INFOPLIST_FILE = MobileAppSwitfOnline/Info.plist;
				INFOPLIST_KEY_UIApplicationSupportsIndirectInputEvents = YES;
				INFOPLIST_KEY_UILaunchStoryboardName = LaunchScreen;
				INFOPLIST_KEY_UIMainStoryboardFile = Main;
				INFOPLIST_KEY_UISupportedInterfaceOrientations_iPad = "UIInterfaceOrientationPortrait UIInterfaceOrientationPortraitUpsideDown UIInterfaceOrientationLandscapeLeft UIInterfaceOrientationLandscapeRight";
				INFOPLIST_KEY_UISupportedInterfaceOrientations_iPhone = "UIInterfaceOrientationPortrait UIInterfaceOrientationLandscapeLeft UIInterfaceOrientationLandscapeRight";
				LD_RUNPATH_SEARCH_PATHS = (
					"$(inherited)",
					"@executable_path/Frameworks",
				);
				MARKETING_VERSION = 1.0;
				PRODUCT_BUNDLE_IDENTIFIER = com.daniel.MobileAppSwitfOnline;
				PRODUCT_NAME = "$(TARGET_NAME)";
				SWIFT_EMIT_LOC_STRINGS = YES;
				SWIFT_VERSION = 5.0;
				TARGETED_DEVICE_FAMILY = "1,2";
			};
			name = Release;
		};
/* End XCBuildConfiguration section */

/* Begin XCConfigurationList section */
		8DC147FD2F64CB7D003FB887 /* Build configuration list for PBXProject "MobileAppSwitfOnline" */ = {
			isa = XCConfigurationList;
			buildConfigurations = (
				8DC148142F64CB7F003FB887 /* Debug */,
				8DC148152F64CB7F003FB887 /* Release */,
			);
			defaultConfigurationIsVisible = 0;
			defaultConfigurationName = Release;
		};
		8DC148162F64CB7F003FB887 /* Build configuration list for PBXNativeTarget "MobileAppSwitfOnline" */ = {
			isa = XCConfigurationList;
			buildConfigurations = (
				8DC148172F64CB7F003FB887 /* Debug */,
				8DC148182F64CB7F003FB887 /* Release */,
			);
			defaultConfigurationIsVisible = 0;
			defaultConfigurationName = Release;
		};
/* End XCConfigurationList section */

/* Begin XCRemoteSwiftPackageReference section */
		8DC148192F64CE7F003FB887 /* XCRemoteSwiftPackageReference "Kingfisher" */ = {
			isa = XCRemoteSwiftPackageReference;
			repositoryURL = "https://github.com/onevcat/Kingfisher.git";
			requirement = {
				kind = upToNextMajorVersion;
				minimumVersion = 6.3.1;
			};
		};
		8DC1481C2F64CEE1003FB887 /* XCRemoteSwiftPackageReference "youtube-ios-player-helper" */ = {
			isa = XCRemoteSwiftPackageReference;
			repositoryURL = "https://github.com/youtube/youtube-ios-player-helper.git";
			requirement = {
				kind = upToNextMajorVersion;
				minimumVersion = 1.0.3;
			};
		};
/* End XCRemoteSwiftPackageReference section */

/* Begin XCSwiftPackageProductDependency section */
		8DC1481A2F64CE7F003FB887 /* Kingfisher */ = {
			isa = XCSwiftPackageProductDependency;
			package = 8DC148192F64CE7F003FB887 /* XCRemoteSwiftPackageReference "Kingfisher" */;
			productName = Kingfisher;
		};
		8DC1481D2F64CEE1003FB887 /* YouTubeiOSPlayerHelper */ = {
			isa = XCSwiftPackageProductDependency;
			package = 8DC1481C2F64CEE1003FB887 /* XCRemoteSwiftPackageReference "youtube-ios-player-helper" */;
			productName = YouTubeiOSPlayerHelper;
		};
/* End XCSwiftPackageProductDependency section */
	};
	rootObject = 8DC147FA2F64CB7D003FB887 /* Project object */;
}
